Microsoft Visual Studio Solution File, Format Version 12.00
# Visual Studio Version 17
VisualStudioVersion = 17.5.33627.172
MinimumVisualStudioVersion = 10.0.40219.1
Project("{2150E333-8FDC-42A3-9474-1A3956D46DE8}") = "000 - Build", "000 - Build", "{43E26D22-6B5F-4443-B9E2-9B6ACDDC7D59}"
	ProjectSection(SolutionItems) = preProject
		Build.md = Build.md
		Directory.Build.props = Directory.Build.props
		README.md = README.md
	EndProjectSection
EndProject
Project("{FAE04EC0-301F-11D3-BF4B-00C04F79EFBC}") = "DiverCompiler", "DiverCompiler\DiverCompiler.csproj", "{F9E5081B-0F60-4C0C-9794-B2EB9E6947E1}"
EndProject
Project("{2150E333-8FDC-42A3-9474-1A3956D46DE8}") = "DIVER", "DIVER", "{B2A6C4D3-DE17-46F2-85E6-9590C93C802D}"
EndProject
Project("{8BC9CEB8-8B4A-11D0-8D11-00A0C91BC942}") = "MCURuntime", "MCURuntime\MCURuntime.vcxproj", "{809EC741-D1A8-4522-8DE4-A9D1F4687DD1}"
EndProject
Project("{9A19103F-16F7-4668-BE54-9A1E7A4F7556}") = "DiverTest", "DiverTest\DiverTest.csproj", "{7A78D970-5AD3-44C6-A04B-21EF79CB1BEF}"
EndProject
Project("{2150E333-8FDC-42A3-9474-1A3956D46DE8}") = "3rd-party", "3rd-party", "{FFF7E424-7982-4A87-92A6-351CF85A459F}"
EndProject
Project("{9A19103F-16F7-4668-BE54-9A1E7A4F7556}") = "Coralinker_arch", "3rd\Coralinker_arch\Coralinker_arch.csproj", "{FEBBD16F-0950-4125-95F9-B02C85DA9737}"
EndProject
Project("{FAE04EC0-301F-11D3-BF4B-00C04F79EFBC}") = "CoralinkerSDK", "3rd\CoralinkerSDK\CoralinkerSDK.csproj", "{03B10A84-48FE-40FB-AAE0-46E3366D67E4}"
EndProject
Project("{9A19103F-16F7-4668-BE54-9A1E7A4F7556}") = "CoralinkerHost", "3rd\CoralinkerHost\CoralinkerHost.csproj", "{2B62AE36-9FE2-46CD-823E-339FCF3E3A12}"
EndProject
Project("{9A19103F-16F7-4668-BE54-9A1E7A4F7556}") = "MCUSerialBridgeWrapper", "MCUSerialBridge\wrapper\MCUSerialBridgeWrapper.csproj", "{8C6A4E65-0E6B-4C7D-9D60-2B6AF6AA88E0}"
EndProject
Project("{9A19103F-16F7-4668-BE54-9A1E7A4F7556}") = "MCUSerialBridgeTestCS", "MCUSerialBridge\wrapper\TestCS.csproj", "{D4B9C6D8-9896-4A9E-9E7C-4E6A2AA10A6A}"
EndProject
Project("{9A19103F-16F7-4668-BE54-9A1E7A4F7556}") = "MCUSerialBridgeTestDIVER", "MCUSerialBridge\wrapper\TestDIVER.csproj", "{0F8F5C8C-2E1F-4B88-92B9-3E9DB7E4B9A5}"
EndProject
Global
	GlobalSection(SolutionConfigurationPlatforms) = preSolution
		Debug|Any CPU = Debug|Any CPU
		Debug|x64 = Debug|x64
		Debug|x86 = Debug|x86
		Release|Any CPU = Release|Any CPU
		Release|x64 = Release|x64
		Release|x86 = Release|x86
	EndGlobalSection
	GlobalSection(ProjectConfigurationPlatforms) = postSolution
		{F9E5081B-0F60-4C0C-9794-B2EB9E6947E1}.Debug|Any CPU.ActiveCfg = Debug|Any CPU
		{F9E5081B-0F60-4C0C-9794-B2EB9E6947E1}.Debug|x64.ActiveCfg = Debug|Any CPU
		{F9E5081B-0F60-4C0C-9794-B2EB9E6947E1}.Debug|x64.Build.0 = Debug|Any CPU
		{F9E5081B-0F60-4C0C-9794-B2EB9E6947E1}.Debug|x86.ActiveCfg = Debug|Any CPU
		{F9E5081B-0F60-4C0C-9794-B2EB9E6947E1}.Debug|x86.Build.0 = Debug|Any CPU
		{F9E5081B-0F60-4C0C-9794-B2EB9E6947E1}.Release|Any CPU.ActiveCfg = Release|Any CPU
		{F9E5081B-0F60-4C0C-9794-B2EB9E6947E1}.Release|x64.ActiveCfg = Release|Any CPU
		{F9E5081B-0F60-4C0C-9794-B2EB9E6947E1}.Release|x86.ActiveCfg = Release|Any CPU
		{F9E5081B-0F60-4C0C-9794-B2EB9E6947E1}.Release|x86.Build.0 = Release|Any CPU
		{809EC741-D1A8-4522-8DE4-A9D1F4687DD1}.Debug|Any CPU.ActiveCfg = Debug|x64
		{809EC741-D1A8-4522-8DE4-A9D1F4687DD1}.Debug|Any CPU.Build.0 = Debug|x64
		{809EC741-D1A8-4522-8DE4-A9D1F4687DD1}.Debug|x64.ActiveCfg = Debug|x64
		{809EC741-D1A8-4522-8DE4-A9D1F4687DD1}.Debug|x64.Build.0 = Debug|x64
		{809EC741-D1A8-4522-8DE4-A9D1F4687DD1}.Debug|x86.ActiveCfg = Debug|Win32
		{809EC741-D1A8-4522-8DE4-A9D1F4687DD1}.Debug|x86.Build.0 = Debug|Win32
		{809EC741-D1A8-4522-8DE4-A9D1F4687DD1}.Release|Any CPU.ActiveCfg = Release|x64
		{809EC741-D1A8-4522-8DE4-A9D1F4687DD1}.Release|x64.ActiveCfg = Release|x64
		{809EC741-D1A8-4522-8DE4-A9D1F4687DD1}.Release|x86.ActiveCfg = Release|Win32
		{809EC741-D1A8-4522-8DE4-A9D1F4687DD1}.Release|x86.Build.0 = Release|Win32
		{7A78D970-5AD3-44C6-A04B-21EF79CB1BEF}.Debug|Any CPU.ActiveCfg = Debug|Any CPU
		{7A78D970-5AD3-44C6-A04B-21EF79CB1BEF}.Debug|Any CPU.Build.0 = Debug|Any CPU
		{7A78D970-5AD3-44C6-A04B-21EF79CB1BEF}.Debug|x64.ActiveCfg = Debug|Any CPU
		{7A78D970-5AD3-44C6-A04B-21EF79CB1BEF}.Debug|x64.Build.0 = Debug|Any CPU
		{7A78D970-5AD3-44C6-A04B-21EF79CB1BEF}.Debug|x86.ActiveCfg = Debug|Any CPU
		{7A78D970-5AD3-44C6-A04B-21EF79CB1BEF}.Debug|x86.Build.0 = Debug|Any CPU
		{7A78D970-5AD3-44C6-A04B-21EF79CB1BEF}.Release|Any CPU.ActiveCfg = Release|Any CPU
		{7A78D970-5AD3-44C6-A04B-21EF79CB1BEF}.Release|Any CPU.Build.0 = Release|Any CPU
		{7A78D970-5AD3-44C6-A04B-21EF79CB1BEF}.Release|x64.ActiveCfg = Release|Any CPU
		{7A78D970-5AD3-44C6-A04B-21EF79CB1BEF}.Release|x64.Build.0 = Release|Any CPU
		{7A78D970-5AD3-44C6-A04B-21EF79CB1BEF}.Release|x86.ActiveCfg = Release|Any CPU
		{7A78D970-5AD3-44C6-A04B-21EF79CB1BEF}.Release|x86.Build.0 = Release|Any CPU
		{FEBBD16F-0950-4125-95F9-B02C85DA9737}.Debug|Any CPU.ActiveCfg = Debug|Any CPU
		{FEBBD16F-0950-4125-95F9-B02C85DA9737}.Debug|Any CPU.Build.0 = Debug|Any CPU
		{FEBBD16F-0950-4125-95F9-B02C85DA9737}.Debug|x64.ActiveCfg = Debug|Any CPU
		{FEBBD16F-0950-4125-95F9-B02C85DA9737}.Debug|x64.Build.0 = Debug|Any CPU
		{FEBBD16F-0950-4125-95F9-B02C85DA9737}.Debug|x86.ActiveCfg = Debug|Any CPU
		{FEBBD16F-0950-4125-95F9-B02C85DA9737}.Debug|x86.Build.0 = Debug|Any CPU
		{FEBBD16F-0950-4125-95F9-B02C85DA9737}.Release|Any CPU.ActiveCfg = Release|Any CPU
		{FEBBD16F-0950-4125-95F9-B02C85DA9737}.Release|Any CPU.Build.0 = Release|Any CPU
		{FEBBD16F-0950-4125-95F9-B02C85DA9737}.Release|x64.ActiveCfg = Release|Any CPU
		{FEBBD16F-0950-4125-95F9-B02C85DA9737}.Release|x64.Build.0 = Release|Any CPU
		{FEBBD16F-0950-4125-95F9-B02C85DA9737}.Release|x86.ActiveCfg = Release|Any CPU
		{FEBBD16F-0950-4125-95F9-B02C85DA9737}.Release|x86.Build.0 = Release|Any CPU
		{03B10A84-48FE-40FB-AAE0-46E3366D67E4}.Debug|Any CPU.ActiveCfg = Debug|Any CPU
		{03B10A84-48FE-40FB-AAE0-46E3366D67E4}.Debug|Any CPU.Build.0 = Debug|Any CPU
		{03B10A84-48FE-40FB-AAE0-46E3366D67E4}.Debug|x64.ActiveCfg = Debug|Any CPU
		{03B10A84-48FE-40FB-AAE0-46E3366D67E4}.Debug|x64.Build.0 = Debug|Any CPU
		{03B10A84-48FE-40FB-AAE0-46E3366D67E4}.Debug|x86.ActiveCfg = Debug|Any CPU
		{03B10A84-48FE-40FB-AAE0-46E3366D67E4}.Debug|x86.Build.0 = Debug|Any CPU
		{03B10A84-48FE-40FB-AAE0-46E3366D67E4}.Release|Any CPU.ActiveCfg = Release|Any CPU
		{03B10A84-48FE-40FB-AAE0-46E3366D67E4}.Release|Any CPU.Build.0 = Release|Any CPU
		{03B10A84-48FE-40FB-AAE0-46E3366D67E4}.Release|x64.ActiveCfg = Release|Any CPU
		{03B10A84-48FE-40FB-AAE0-46E3366D67E4}.Release|x64.Build.0 = Release|Any CPU
		{03B10A84-48FE-40FB-AAE0-46E3366D67E4}.Release|x86.ActiveCfg = Release|Any CPU
		{03B10A84-48FE-40FB-AAE0-46E3366D67E4}.Release|x86.Build.0 = Release|Any CPU
		{2B62AE36-9FE2-46CD-823E-339FCF3E3A12}.Debug|Any CPU.ActiveCfg = Debug|Any CPU
		{2B62AE36-9FE2-46CD-823E-339FCF3E3A12}.Debug|Any CPU.Build.0 = Debug|Any CPU
		{2B62AE36-9FE2-46CD-823E-339FCF3E3A12}.Debug|x64.ActiveCfg = Debug|Any CPU
		{2B62AE36-9FE2-46CD-823E-339FCF3E3A12}.Debug|x64.Build.0 = Debug|Any CPU
		{2B62AE36-9FE2-46CD-823E-339FCF3E3A12}.Debug|x86.ActiveCfg = Debug|Any CPU
		{2B62AE36-9FE2-46CD-823E-339FCF3E3A12}.Debug|x86.Build.0 = Debug|Any CPU
		{2B62AE36-9FE2-46CD-823E-339FCF3E3A12}.Release|Any CPU.ActiveCfg = Release|Any CPU
		{2B62AE36-9FE2-46CD-823E-339FCF3E3A12}.Release|Any CPU.Build.0 = Release|Any CPU
		{2B62AE36-9FE2-46CD-823E-339FCF3E3A12}.Release|x64.ActiveCfg = Release|Any CPU
		{2B62AE36-9FE2-46CD-823E-339FCF3E3A12}.Release|x64.Build.0 = Release|Any CPU
		{2B62AE36-9FE2-46CD-823E-339FCF3E3A12}.Release|x86.ActiveCfg = Release|Any CPU
		{2B62AE36-9FE2-46CD-823E-339FCF3E3A12}.Release|x86.Build.0 = Release|Any CPU
		{8C6A4E65-0E6B-4C7D-9D60-2B6AF6AA88E0}.Debug|Any CPU.ActiveCfg = Debug|Any CPU
		{8C6A4E65-0E6B-4C7D-9D60-2B6AF6AA88E0}.Debug|Any CPU.Build.0 = Debug|Any CPU
		{8C6A4E65-0E6B-4C7D-9D60-2B6AF6AA88E0}.Debug|x64.ActiveCfg = Debug|Any CPU
		{8C6A4E65-0E6B-4C7D-9D60-2B6AF6AA88E0}.Debug|x64.Build.0 = Debug|Any CPU
		{8C6A4E65-0E6B-4C7D-9D60-2B6AF6AA88E0}.Debug|x86.ActiveCfg = Debug|Any CPU
		{8C6A4E65-0E6B-4C7D-9D60-2B6AF6AA88E0}.Debug|x86.Build.0 = Debug|Any CPU
		{8C6A4E65-0E6B-4C7D-9D60-2B6AF6AA88E0}.Release|Any CPU.ActiveCfg = Release|Any CPU
		{8C6A4E65-0E6B-4C7D-9D60-2B6AF6AA88E0}.Release|Any CPU.Build.0 = Release|Any CPU
		{8C6A4E65-0E6B-4C7D-9D60-2B6AF6AA88E0}.Release|x64.ActiveCfg = Release|Any CPU
		{8C6A4E65-0E6B-4C7D-9D60-2B6AF6AA88E0}.Release|x64.Build.0 = Release|Any CPU
		{8C6A4E65-0E6B-4C7D-9D60-2B6AF6AA88E0}.Release|x86.ActiveCfg = Release|Any CPU
		{8C6A4E65-0E6B-4C7D-9D60-2B6AF6AA88E0}.Release|x86.Build.0 = Release|Any CPU
		{D4B9C6D8-9896-4A9E-9E7C-4E6A2AA10A6A}.Debug|Any CPU.ActiveCfg = Debug|Any CPU
		{D4B9C6D8-9896-4A9E-9E7C-4E6A2AA10A6A}.Debug|Any CPU.Build.0 = Debug|Any CPU
		{D4B9C6D8-9896-4A9E-9E7C-4E6A2AA10A6A}.Debug|x64.ActiveCfg = Debug|Any CPU
		{D4B9C6D8-9896-4A9E-9E7C-4E6A2AA10A6A}.Debug|x64.Build.0 = Debug|Any CPU
		{D4B9C6D8-9896-4A9E-9E7C-4E6A2AA10A6A}.Debug|x86.ActiveCfg = Debug|Any CPU
		{D4B9C6D8-9896-4A9E-9E7C-4E6A2AA10A6A}.Debug|x86.Build.0 = Debug|Any CPU
		{D4B9C6D8-9896-4A9E-9E7C-4E6A2AA10A6A}.Release|Any CPU.ActiveCfg = Release|Any CPU
		{D4B9C6D8-9896-4A9E-9E7C-4E6A2AA10A6A}.Release|Any CPU.Build.0 = Release|Any CPU
		{D4B9C6D8-9896-4A9E-9E7C-4E6A2AA10A6A}.Release|x64.ActiveCfg = Release|Any CPU
		{D4B9C6D8-9896-4A9E-9E7C-4E6A2AA10A6A}.Release|x64.Build.0 = Release|Any CPU
		{D4B9C6D8-9896-4A9E-9E7C-4E6A2AA10A6A}.Release|x86.ActiveCfg = Release|Any CPU
		{D4B9C6D8-9896-4A9E-9E7C-4E6A2AA10A6A}.Release|x86.Build.0 = Release|Any CPU
		{0F8F5C8C-2E1F-4B88-92B9-3E9DB7E4B9A5}.Debug|Any CPU.ActiveCfg = Debug|Any CPU
		{0F8F5C8C-2E1F-4B88-92B9-3E9DB7E4B9A5}.Debug|Any CPU.Build.0 = Debug|Any CPU
		{0F8F5C8C-2E1F-4B88-92B9-3E9DB7E4B9A5}.Debug|x64.ActiveCfg = Debug|Any CPU
		{0F8F5C8C-2E1F-4B88-92B9-3E9DB7E4B9A5}.Debug|x64.Build.0 = Debug|Any CPU
		{0F8F5C8C-2E1F-4B88-92B9-3E9DB7E4B9A5}.Debug|x86.ActiveCfg = Debug|Any CPU
		{0F8F5C8C-2E1F-4B88-92B9-3E9DB7E4B9A5}.Debug|x86.Build.0 = Debug|Any CPU
		{0F8F5C8C-2E1F-4B88-92B9-3E9DB7E4B9A5}.Release|Any CPU.ActiveCfg = Release|Any CPU
		{0F8F5C8C-2E1F-4B88-92B9-3E9DB7E4B9A5}.Release|Any CPU.Build.0 = Release|Any CPU
		{0F8F5C8C-2E1F-4B88-92B9-3E9DB7E4B9A5}.Release|x64.ActiveCfg = Release|Any CPU
		{0F8F5C8C-2E1F-4B88-92B9-3E9DB7E4B9A5}.Release|x64.Build.0 = Release|Any CPU
		{0F8F5C8C-2E1F-4B88-92B9-3E9DB7E4B9A5}.Release|x86.ActiveCfg = Release|Any CPU
		{0F8F5C8C-2E1F-4B88-92B9-3E9DB7E4B9A5}.Release|x86.Build.0 = Release|Any CPU
	EndGlobalSection
	GlobalSection(SolutionProperties) = preSolution
		HideSolutionNode = FALSE
	EndGlobalSection
	GlobalSection(NestedProjects) = preSolution
		{F9E5081B-0F60-4C0C-9794-B2EB9E6947E1} = {B2A6C4D3-DE17-46F2-85E6-9590C93C802D}
		{809EC741-D1A8-4522-8DE4-A9D1F4687DD1} = {B2A6C4D3-DE17-46F2-85E6-9590C93C802D}
		{7A78D970-5AD3-44C6-A04B-21EF79CB1BEF} = {B2A6C4D3-DE17-46F2-85E6-9590C93C802D}
		{FEBBD16F-0950-4125-95F9-B02C85DA9737} = {FFF7E424-7982-4A87-92A6-351CF85A459F}
		{03B10A84-48FE-40FB-AAE0-46E3366D67E4} = {FFF7E424-7982-4A87-92A6-351CF85A459F}
		{2B62AE36-9FE2-46CD-823E-339FCF3E3A12} = {FFF7E424-7982-4A87-92A6-351CF85A459F}
	EndGlobalSection
	GlobalSection(ExtensibilityGlobals) = postSolution
		SolutionGuid = {9E25F555-8231-4297-9ECA-E68B766FE2B4}
	EndGlobalSection
EndGlobal
